
Microsoft Visual Studio Solution File, Format Version 12.00
# Visual Studio Version 16
VisualStudioVersion = 16.0.30204.135
MinimumVisualStudioVersion = 10.0.40219.1
Project("{FAE04EC0-301F-11D3-BF4B-00C04F79EFBC}") = "WLANBooster", "WLANBooster\WLANBooster.csproj", "{9EBFB3F6-BF28-411D-911E-DE22F9DCA051}"
EndProject
Global
	GlobalSection(SolutionConfigurationPlatforms) = preSolution
		Debug|Any CPU = Debug|Any CPU
		Release|Any CPU = Release|Any CPU
	EndGlobalSection
	GlobalSection(ProjectConfigurationPlatforms) = postSolution
		{9EBFB3F6-BF28-411D-911E-DE22F9DCA051}.Debug|Any CPU.ActiveCfg = Debug|Any CPU
		{9EBFB3F6-BF28-411D-911E-DE22F9DCA051}.Debug|Any CPU.Build.0 = Debug|Any CPU
		{9EBFB3F6-BF28-411D-911E-DE22F9DCA051}.Release|Any CPU.ActiveCfg = Release|Any CPU
		{9EBFB3F6-BF28-411D-911E-DE22F9DCA051}.Release|Any CPU.Build.0 = Release|Any CPU
	EndGlobalSection
	GlobalSection(SolutionProperties) = preSolution
		HideSolutionNode = FALSE
	EndGlobalSection
	GlobalSection(ExtensibilityGlobals) = postSolution
		SolutionGuid = {352F7CEA-AD87-47CB-8461-60F46F0665FD}
	EndGlobalSection
EndGlobal
